
Microsoft Visual Studio Solution File, Format Version 12.00
# Visual Studio Version 17
VisualStudioVersion = 17.4.33213.308
MinimumVisualStudioVersion = 10.0.40219.1
Project("{FAE04EC0-301F-11D3-BF4B-00C04F79EFBC}") = "Speed_Precision", "Speed_Precision\Speed_Precision.csproj", "{C16DC4C9-508E-4A3B-9D71-DDA26856EE56}"
EndProject
Global
	GlobalSection(SolutionConfigurationPlatforms) = preSolution
		Debug|Any CPU = Debug|Any CPU
		Release|Any CPU = Release|Any CPU
	EndGlobalSection
	GlobalSection(ProjectConfigurationPlatforms) = postSolution
		{C16DC4C9-508E-4A3B-9D71-DDA26856EE56}.Debug|Any CPU.ActiveCfg = Debug|Any CPU
		{C16DC4C9-508E-4A3B-9D71-DDA26856EE56}.Debug|Any CPU.Build.0 = Debug|Any CPU
		{C16DC4C9-508E-4A3B-9D71-DDA26856EE56}.Release|Any CPU.ActiveCfg = Release|Any CPU
		{C16DC4C9-508E-4A3B-9D71-DDA26856EE56}.Release|Any CPU.Build.0 = Release|Any CPU
	EndGlobalSection
	GlobalSection(SolutionProperties) = preSolution
		HideSolutionNode = FALSE
	EndGlobalSection
	GlobalSection(ExtensibilityGlobals) = postSolution
		SolutionGuid = {C58CE287-71B6-4419-9519-CB2A698EAC56}
	EndGlobalSection
EndGlobal
